// !$*UTF8*$!
{
	archiveVersion = 1;
	classes = {
	};
	objectVersion = 77;
	objects = {

/* Begin PBXBuildFile section */
		0233F48D0EE3C27B7E108F09 /* MainTabView.swift in Sources */ = {isa = PBXBuildFile; fileRef = 0D5974090B42C757B8FF1A82 /* MainTabView.swift */; };
		3231DBF6B17D479EC16CF64A /* LiveAudioService.swift in Sources */ = {isa = PBXBuildFile; fileRef = BE902CF99F13180690FEDC0D /* LiveAudioService.swift */; };
		4B28842B1B1CD8C690F2F15C /* ToolsView.swift in Sources */ = {isa = PBXBuildFile; fileRef = 7DBCB765DA149B9F13C129AE /* ToolsView.swift */; };
		4DA76A8D01AA4295AC5F7FBB /* GenerableTemplates.swift in Sources */ = {isa = PBXBuildFile; fileRef = 4611D93D29EC4A5BA50A4656 /* GenerableTemplates.swift */; };
		503C7E98E254DB5BAB28312A /* DesignTokens.swift in Sources */ = {isa = PBXBuildFile; fileRef = 8AB28060469DC97743AEFABE /* DesignTokens.swift */; };
		60A704DC2E0254360078652F /* RecordingDetailView.swift in Sources */ = {isa = PBXBuildFile; fileRef = 60A704CC2E0254360078652F /* RecordingDetailView.swift */; };
		60A704DD2E0254360078652F /* AudioLevelVisualizer.swift in Sources */ = {isa = PBXBuildFile; fileRef = 60A704C82E0254360078652F /* AudioLevelVisualizer.swift */; };
		60A704DE2E0254360078652F /* SettingsView.swift in Sources */ = {isa = PBXBuildFile; fileRef = 60A704CE2E0254360078652F /* SettingsView.swift */; };
		60A704DF2E0254360078652F /* RecordingTimer.swift in Sources */ = {isa = PBXBuildFile; fileRef = 60A704CD2E0254360078652F /* RecordingTimer.swift */; };
		60A704E02E0254360078652F /* TranscriptionService.swift in Sources */ = {isa = PBXBuildFile; fileRef = 60A704C22E0254360078652F /* TranscriptionService.swift */; };
		60A704E12E0254360078652F /* OnDeviceAIService.swift in Sources */ = {isa = PBXBuildFile; fileRef = 60A704BB2E0254360078652F /* OnDeviceAIService.swift */; };
		60A704E32E0254360078652F /* Config.swift in Sources */ = {isa = PBXBuildFile; fileRef = 60A704A52E0254360078652F /* Config.swift */; };
		60A704E42E0254360078652F /* Template.swift in Sources */ = {isa = PBXBuildFile; fileRef = 60A704B32E0254360078652F /* Template.swift */; };
		60A704E52E0254360078652F /* ContentView.swift in Sources */ = {isa = PBXBuildFile; fileRef = 60A704A62E0254360078652F /* ContentView.swift */; };
		60A704E72E0254360078652F /* TemplatePickerView.swift in Sources */ = {isa = PBXBuildFile; fileRef = 60A704CF2E0254360078652F /* TemplatePickerView.swift */; };
		60A704E82E0254360078652F /* AudioPlaybackManager.swift in Sources */ = {isa = PBXBuildFile; fileRef = 60A704B92E0254360078652F /* AudioPlaybackManager.swift */; };
		60A704E92E0254360078652F /* TemplateManager.swift in Sources */ = {isa = PBXBuildFile; fileRef = 60A704C12E0254360078652F /* TemplateManager.swift */; };
		60A704EA2E0254360078652F /* LibraryView.swift in Sources */ = {isa = PBXBuildFile; fileRef = 60A704C92E0254360078652F /* LibraryView.swift */; };
		60A704ED2E0254360078652F /* RecordButton.swift in Sources */ = {isa = PBXBuildFile; fileRef = 60A704CB2E0254360078652F /* RecordButton.swift */; };
		60A704EF2E0254360078652F /* RecentRecordingCard.swift in Sources */ = {isa = PBXBuildFile; fileRef = 60A704CA2E0254360078652F /* RecentRecordingCard.swift */; };
		60A704F12E0254360078652F /* AppCoordinator.swift in Sources */ = {isa = PBXBuildFile; fileRef = 60A704C42E0254360078652F /* AppCoordinator.swift */; };
		60A704F22E0254360078652F /* MockAIService.swift in Sources */ = {isa = PBXBuildFile; fileRef = 60A704BD2E0254360078652F /* MockAIService.swift */; };
		60A704F32E0254360078652F /* AIServiceFactory.swift in Sources */ = {isa = PBXBuildFile; fileRef = 60A704B82E0254360078652F /* AIServiceFactory.swift */; };
		60A704F42E0254360078652F /* RecordingManager.swift in Sources */ = {isa = PBXBuildFile; fileRef = 60A704C02E0254360078652F /* RecordingManager.swift */; };
		60A704F52E0254360078652F /* ShareSheet.swift in Sources */ = {isa = PBXBuildFile; fileRef = 60A704C52E0254360078652F /* ShareSheet.swift */; };
		60A704F62E0254360078652F /* ShareableAudioFile.swift in Sources */ = {isa = PBXBuildFile; fileRef = 60A704C62E0254370078652F /* ShareableAudioFile.swift */; };
		60A704F82E0254360078652F /* AIService.swift in Sources */ = {isa = PBXBuildFile; fileRef = 60A704B72E0254360078652F /* AIService.swift */; };
		60A704FB2E0254360078652F /* Recording.swift in Sources */ = {isa = PBXBuildFile; fileRef = 60A704B22E0254360078652F /* Recording.swift */; };
		60A704FD2E0254360078652F /* AudioRecordingService.swift in Sources */ = {isa = PBXBuildFile; fileRef = 60A704BA2E0254360078652F /* AudioRecordingService.swift */; };
		60A704FF2E0254360078652F /* Config.plist in Resources */ = {isa = PBXBuildFile; fileRef = 60A704A42E0254360078652F /* Config.plist */; };
		60A705072E026C4E0078652F /* CompactAudioPlayer.swift in Sources */ = {isa = PBXBuildFile; fileRef = 60A705022E026C4E0078652F /* CompactAudioPlayer.swift */; };
		60A705082E026C4E0078652F /* NoteCardView.swift in Sources */ = {isa = PBXBuildFile; fileRef = 60A705042E026C4E0078652F /* NoteCardView.swift */; };
		765C6AE04C3A293CCE29EE0F /* LiveTranscriptView.swift in Sources */ = {isa = PBXBuildFile; fileRef = CB8AAF16FCD56DEB540FC22A /* LiveTranscriptView.swift */; };
		97D90A74513BE123A29EB843 /* AudioConstants.swift in Sources */ = {isa = PBXBuildFile; fileRef = 47448B8E29E423AA7F80367B /* AudioConstants.swift */; };
		A16FB0BA47B55B9D88C3DAC9 /* AppSettings.swift in Sources */ = {isa = PBXBuildFile; fileRef = EE552A70512C7521CAEE9E50 /* AppSettings.swift */; };
		AFC05678B17D479EC16CF64A /* AudioFormatConverter.swift in Sources */ = {isa = PBXBuildFile; fileRef = AFC01234B17D479EC16CF64A /* AudioFormatConverter.swift */; };
		B4172504A71A17D3C7D3B688 /* RecordingView.swift in Sources */ = {isa = PBXBuildFile; fileRef = B02C3892651A6C57E4D359B1 /* RecordingView.swift */; };
		D24C31E4A9E2DE1F7EC8CF3F /* AudioFormatConverterTests.swift in Sources */ = {isa = PBXBuildFile; fileRef = 321A91BD742ABFB91D345D63 /* AudioFormatConverterTests.swift */; };
		D5E6F7081920A3B4C5D6E7F8 /* InlineExpandedContentView.swift in Sources */ = {isa = PBXBuildFile; fileRef = A1B2C3D4E5F6071829304B5C /* InlineExpandedContentView.swift */; };
		E6B9E974547DC31A2896AD17 /* LiveTranscriptionService.swift in Sources */ = {isa = PBXBuildFile; fileRef = 5091639BEA332E5C55D5D485 /* LiveTranscriptionService.swift */; };
		F57DA95FEEB06D9B284AA23D /* UserDefaults+Keys.swift in Sources */ = {isa = PBXBuildFile; fileRef = F638F0978415976913F43CAB /* UserDefaults+Keys.swift */; };
		IOS0010001000100010001001 /* AudioSessionProvider.swift in Sources */ = {isa = PBXBuildFile; fileRef = MAC001000100010001A001A1 /* AudioSessionProvider.swift */; };
		IOS0020002000200020002002 /* iOSAudioSession.swift in Sources */ = {isa = PBXBuildFile; fileRef = MAC002000200020002A002A2 /* iOSAudioSession.swift */; };
		IOS0030003000300030003003 /* macOSAudioSession.swift in Sources */ = {isa = PBXBuildFile; fileRef = MAC003000300030003A003A3 /* macOSAudioSession.swift */; };
		IOS0040004000400040004004 /* PlatformFeedback.swift in Sources */ = {isa = PBXBuildFile; fileRef = MAC004000400040004A004A4 /* PlatformFeedback.swift */; };
		IOS0050005000500050005005 /* PlatformPasteboard.swift in Sources */ = {isa = PBXBuildFile; fileRef = MAC005000500050005A005A5 /* PlatformPasteboard.swift */; };
		IOS0060006000600060006006 /* RecordingState.swift in Sources */ = {isa = PBXBuildFile; fileRef = MAC006000600060006A006A6 /* RecordingState.swift */; };
		IOS0070007000700070007007 /* Session.swift in Sources */ = {isa = PBXBuildFile; fileRef = SES0070007000700070007007 /* Session.swift */; };
		MAC0110011001100110011001 /* GenerableTemplates.swift in Sources */ = {isa = PBXBuildFile; fileRef = 4611D93D29EC4A5BA50A4656 /* GenerableTemplates.swift */; };
		MAC0120012001200120012001 /* AudioConstants.swift in Sources */ = {isa = PBXBuildFile; fileRef = 47448B8E29E423AA7F80367B /* AudioConstants.swift */; };
		MAC0130013001300130013001 /* LiveTranscriptionService.swift in Sources */ = {isa = PBXBuildFile; fileRef = 5091639BEA332E5C55D5D485 /* LiveTranscriptionService.swift */; };
		MAC0140014001400140014001 /* Config.swift in Sources */ = {isa = PBXBuildFile; fileRef = 60A704A52E0254360078652F /* Config.swift */; };
		MAC0160016001600160016001 /* Recording.swift in Sources */ = {isa = PBXBuildFile; fileRef = 60A704B22E0254360078652F /* Recording.swift */; };
		MAC0170017001700170017001 /* Template.swift in Sources */ = {isa = PBXBuildFile; fileRef = 60A704B32E0254360078652F /* Template.swift */; };
		MAC0180018001800180018001 /* AIService.swift in Sources */ = {isa = PBXBuildFile; fileRef = 60A704B72E0254360078652F /* AIService.swift */; };
		MAC0190019001900190019001 /* AIServiceFactory.swift in Sources */ = {isa = PBXBuildFile; fileRef = 60A704B82E0254360078652F /* AIServiceFactory.swift */; };
		MAC0200020002000200020001 /* AudioPlaybackManager.swift in Sources */ = {isa = PBXBuildFile; fileRef = 60A704B92E0254360078652F /* AudioPlaybackManager.swift */; };
		MAC0220022002200220022001 /* OnDeviceAIService.swift in Sources */ = {isa = PBXBuildFile; fileRef = 60A704BB2E0254360078652F /* OnDeviceAIService.swift */; };
		MAC0230023002300230023001 /* MockAIService.swift in Sources */ = {isa = PBXBuildFile; fileRef = 60A704BD2E0254360078652F /* MockAIService.swift */; };
		MAC0240024002400240024001 /* RecordingManager.swift in Sources */ = {isa = PBXBuildFile; fileRef = 60A704C02E0254360078652F /* RecordingManager.swift */; };
		MAC0250025002500250025001 /* TemplateManager.swift in Sources */ = {isa = PBXBuildFile; fileRef = 60A704C12E0254360078652F /* TemplateManager.swift */; };
		MAC0260026002600260026001 /* TranscriptionService.swift in Sources */ = {isa = PBXBuildFile; fileRef = 60A704C22E0254360078652F /* TranscriptionService.swift */; };
		MAC0270027002700270027001 /* AppCoordinator.swift in Sources */ = {isa = PBXBuildFile; fileRef = 60A704C42E0254360078652F /* AppCoordinator.swift */; };
		MAC0290029002900290029001 /* ShareableAudioFile.swift in Sources */ = {isa = PBXBuildFile; fileRef = 60A704C62E0254370078652F /* ShareableAudioFile.swift */; };
		MAC0430043004300430043001 /* AudioFormatConverter.swift in Sources */ = {isa = PBXBuildFile; fileRef = AFC01234B17D479EC16CF64A /* AudioFormatConverter.swift */; };
		MAC0460046004600460046001 /* LiveAudioService.swift in Sources */ = {isa = PBXBuildFile; fileRef = BE902CF99F13180690FEDC0D /* LiveAudioService.swift */; };
		MAC0480048004800480048001 /* AppSettings.swift in Sources */ = {isa = PBXBuildFile; fileRef = EE552A70512C7521CAEE9E50 /* AppSettings.swift */; };
		MAC0490049004900490049001 /* UserDefaults+Keys.swift in Sources */ = {isa = PBXBuildFile; fileRef = F638F0978415976913F43CAB /* UserDefaults+Keys.swift */; };
		MAC0500050005000500050001 /* AudioSessionProvider.swift in Sources */ = {isa = PBXBuildFile; fileRef = MAC001000100010001A001A1 /* AudioSessionProvider.swift */; };
		MAC0510051005100510051001 /* iOSAudioSession.swift in Sources */ = {isa = PBXBuildFile; fileRef = MAC002000200020002A002A2 /* iOSAudioSession.swift */; };
		MAC0520052005200520052001 /* macOSAudioSession.swift in Sources */ = {isa = PBXBuildFile; fileRef = MAC003000300030003A003A3 /* macOSAudioSession.swift */; };
		MAC0530053005300530053001 /* PlatformFeedback.swift in Sources */ = {isa = PBXBuildFile; fileRef = MAC004000400040004A004A4 /* PlatformFeedback.swift */; };
		MAC0540054005400540054001 /* PlatformPasteboard.swift in Sources */ = {isa = PBXBuildFile; fileRef = MAC005000500050005A005A5 /* PlatformPasteboard.swift */; };
		MAC0550055005500550055001 /* Config.plist in Resources */ = {isa = PBXBuildFile; fileRef = 60A704A42E0254360078652F /* Config.plist */; };
		MAC0560056005600560056001 /* RecordingState.swift in Sources */ = {isa = PBXBuildFile; fileRef = MAC006000600060006A006A6 /* RecordingState.swift */; };
		MAC0570057005700570057001 /* Session.swift in Sources */ = {isa = PBXBuildFile; fileRef = SES0070007000700070007007 /* Session.swift */; };
		TST0010001000100010001001 /* TextNormalizerTests.swift in Sources */ = {isa = PBXBuildFile; fileRef = TST0020002000200020002002 /* TextNormalizerTests.swift */; };
		TST0030003000300030003003 /* LiveTranscriptionServiceTests.swift in Sources */ = {isa = PBXBuildFile; fileRef = TST0040004000400040004004 /* LiveTranscriptionServiceTests.swift */; };
		TXT0010001000100010001001 /* TextNormalizer.swift in Sources */ = {isa = PBXBuildFile; fileRef = TXT0020002000200020002002 /* TextNormalizer.swift */; };
		TXT0030003000300030003003 /* TextNormalizer.swift in Sources */ = {isa = PBXBuildFile; fileRef = TXT0020002000200020002002 /* TextNormalizer.swift */; };
/* End PBXBuildFile section */

/* Begin PBXContainerItemProxy section */
		604B3F872F20208200610B2C /* PBXContainerItemProxy */ = {
			isa = PBXContainerItemProxy;
			containerPortal = 60A704682E0250F00078652F /* Project object */;
			proxyType = 1;
			remoteGlobalIDString = 604B3F792F20208100610B2C;
			remoteInfo = "Voice Note";
		};
		604B3F912F20208200610B2C /* PBXContainerItemProxy */ = {
			isa = PBXContainerItemProxy;
			containerPortal = 60A704682E0250F00078652F /* Project object */;
			proxyType = 1;
			remoteGlobalIDString = 604B3F792F20208100610B2C;
			remoteInfo = "Voice Note";
		};
		60A7047E2E0250F20078652F /* PBXContainerItemProxy */ = {
			isa = PBXContainerItemProxy;
			containerPortal = 60A704682E0250F00078652F /* Project object */;
			proxyType = 1;
			remoteGlobalIDString = 60A7046F2E0250F00078652F;
			remoteInfo = "Voice Note v2";
		};
		60A704882E0250F20078652F /* PBXContainerItemProxy */ = {
			isa = PBXContainerItemProxy;
			containerPortal = 60A704682E0250F00078652F /* Project object */;
			proxyType = 1;
			remoteGlobalIDString = 60A7046F2E0250F00078652F;
			remoteInfo = "Voice Note v2";
		};
/* End PBXContainerItemProxy section */

/* Begin PBXFileReference section */
		0D5974090B42C757B8FF1A82 /* MainTabView.swift */ = {isa = PBXFileReference; lastKnownFileType = sourcecode.swift; path = MainTabView.swift; sourceTree = "<group>"; };
		321A91BD742ABFB91D345D63 /* AudioFormatConverterTests.swift */ = {isa = PBXFileReference; includeInIndex = 1; lastKnownFileType = sourcecode.swift; name = AudioFormatConverterTests.swift; path = Tests/AudioFormatConverterTests.swift; sourceTree = "<group>"; };
		4611D93D29EC4A5BA50A4656 /* GenerableTemplates.swift */ = {isa = PBXFileReference; lastKnownFileType = sourcecode.swift; path = GenerableTemplates.swift; sourceTree = "<group>"; };
		47448B8E29E423AA7F80367B /* AudioConstants.swift */ = {isa = PBXFileReference; includeInIndex = 1; lastKnownFileType = sourcecode.swift; path = AudioConstants.swift; sourceTree = "<group>"; };
		5091639BEA332E5C55D5D485 /* LiveTranscriptionService.swift */ = {isa = PBXFileReference; includeInIndex = 1; lastKnownFileType = sourcecode.swift; name = LiveTranscriptionService.swift; path = ../Services/LiveTranscriptionService.swift; sourceTree = "<group>"; };
		604B3F742F201DF300610B2C /* Voice Note v2.entitlements */ = {isa = PBXFileReference; lastKnownFileType = text.plist.entitlements; path = "Voice Note v2.entitlements"; sourceTree = "<group>"; };
		604B3F7A2F20208100610B2C /* Voice Note.app */ = {isa = PBXFileReference; explicitFileType = wrapper.application; includeInIndex = 0; path = "Voice Note.app"; sourceTree = BUILT_PRODUCTS_DIR; };
		604B3F862F20208200610B2C /* Voice NoteTests.xctest */ = {isa = PBXFileReference; explicitFileType = wrapper.cfbundle; includeInIndex = 0; path = "Voice NoteTests.xctest"; sourceTree = BUILT_PRODUCTS_DIR; };
		604B3F902F20208200610B2C /* Voice NoteUITests.xctest */ = {isa = PBXFileReference; explicitFileType = wrapper.cfbundle; includeInIndex = 0; path = "Voice NoteUITests.xctest"; sourceTree = BUILT_PRODUCTS_DIR; };
		60A704702E0250F00078652F /* Voice Note v2.app */ = {isa = PBXFileReference; explicitFileType = wrapper.application; includeInIndex = 0; path = "Voice Note v2.app"; sourceTree = BUILT_PRODUCTS_DIR; };
		60A7047D2E0250F20078652F /* Voice Note v2Tests.xctest */ = {isa = PBXFileReference; explicitFileType = wrapper.cfbundle; includeInIndex = 0; path = "Voice Note v2Tests.xctest"; sourceTree = BUILT_PRODUCTS_DIR; };
		60A704872E0250F20078652F /* Voice Note v2UITests.xctest */ = {isa = PBXFileReference; explicitFileType = wrapper.cfbundle; includeInIndex = 0; path = "Voice Note v2UITests.xctest"; sourceTree = BUILT_PRODUCTS_DIR; };
		60A704A42E0254360078652F /* Config.plist */ = {isa = PBXFileReference; lastKnownFileType = text.plist.xml; path = Config.plist; sourceTree = "<group>"; };
		60A704A52E0254360078652F /* Config.swift */ = {isa = PBXFileReference; lastKnownFileType = sourcecode.swift; path = Config.swift; sourceTree = "<group>"; };
		60A704A62E0254360078652F /* ContentView.swift */ = {isa = PBXFileReference; lastKnownFileType = sourcecode.swift; path = ContentView.swift; sourceTree = "<group>"; };
		60A704B22E0254360078652F /* Recording.swift */ = {isa = PBXFileReference; lastKnownFileType = sourcecode.swift; path = Recording.swift; sourceTree = "<group>"; };
		60A704B32E0254360078652F /* Template.swift */ = {isa = PBXFileReference; lastKnownFileType = sourcecode.swift; path = Template.swift; sourceTree = "<group>"; };
		60A704B72E0254360078652F /* AIService.swift */ = {isa = PBXFileReference; lastKnownFileType = sourcecode.swift; path = AIService.swift; sourceTree = "<group>"; };
		60A704B82E0254360078652F /* AIServiceFactory.swift */ = {isa = PBXFileReference; lastKnownFileType = sourcecode.swift; path = AIServiceFactory.swift; sourceTree = "<group>"; };
		60A704B92E0254360078652F /* AudioPlaybackManager.swift */ = {isa = PBXFileReference; lastKnownFileType = sourcecode.swift; path = AudioPlaybackManager.swift; sourceTree = "<group>"; };
		60A704BA2E0254360078652F /* AudioRecordingService.swift */ = {isa = PBXFileReference; lastKnownFileType = sourcecode.swift; path = AudioRecordingService.swift; sourceTree = "<group>"; };
		60A704BB2E0254360078652F /* OnDeviceAIService.swift */ = {isa = PBXFileReference; lastKnownFileType = sourcecode.swift; path = OnDeviceAIService.swift; sourceTree = "<group>"; };
		60A704BD2E0254360078652F /* MockAIService.swift */ = {isa = PBXFileReference; lastKnownFileType = sourcecode.swift; path = MockAIService.swift; sourceTree = "<group>"; };
		60A704C02E0254360078652F /* RecordingManager.swift */ = {isa = PBXFileReference; lastKnownFileType = sourcecode.swift; path = RecordingManager.swift; sourceTree = "<group>"; };
		60A704C12E0254360078652F /* TemplateManager.swift */ = {isa = PBXFileReference; lastKnownFileType = sourcecode.swift; path = TemplateManager.swift; sourceTree = "<group>"; };
		60A704C22E0254360078652F /* TranscriptionService.swift */ = {isa = PBXFileReference; lastKnownFileType = sourcecode.swift; path = TranscriptionService.swift; sourceTree = "<group>"; };
		60A704C42E0254360078652F /* AppCoordinator.swift */ = {isa = PBXFileReference; lastKnownFileType = sourcecode.swift; path = AppCoordinator.swift; sourceTree = "<group>"; };
		60A704C52E0254360078652F /* ShareSheet.swift */ = {isa = PBXFileReference; lastKnownFileType = sourcecode.swift; path = ShareSheet.swift; sourceTree = "<group>"; };
		60A704C62E0254370078652F /* ShareableAudioFile.swift */ = {isa = PBXFileReference; lastKnownFileType = sourcecode.swift; path = ShareableAudioFile.swift; sourceTree = "<group>"; };
		60A704C82E0254360078652F /* AudioLevelVisualizer.swift */ = {isa = PBXFileReference; lastKnownFileType = sourcecode.swift; path = AudioLevelVisualizer.swift; sourceTree = "<group>"; };
		60A704C92E0254360078652F /* LibraryView.swift */ = {isa = PBXFileReference; lastKnownFileType = sourcecode.swift; path = LibraryView.swift; sourceTree = "<group>"; };
		60A704CA2E0254360078652F /* RecentRecordingCard.swift */ = {isa = PBXFileReference; lastKnownFileType = sourcecode.swift; path = RecentRecordingCard.swift; sourceTree = "<group>"; };
		60A704CB2E0254360078652F /* RecordButton.swift */ = {isa = PBXFileReference; lastKnownFileType = sourcecode.swift; path = RecordButton.swift; sourceTree = "<group>"; };
		60A704CC2E0254360078652F /* RecordingDetailView.swift */ = {isa = PBXFileReference; lastKnownFileType = sourcecode.swift; path = RecordingDetailView.swift; sourceTree = "<group>"; };
		60A704CD2E0254360078652F /* RecordingTimer.swift */ = {isa = PBXFileReference; lastKnownFileType = sourcecode.swift; path = RecordingTimer.swift; sourceTree = "<group>"; };
		60A704CE2E0254360078652F /* SettingsView.swift */ = {isa = PBXFileReference; lastKnownFileType = sourcecode.swift; path = SettingsView.swift; sourceTree = "<group>"; };
		60A704CF2E0254360078652F /* TemplatePickerView.swift */ = {isa = PBXFileReference; lastKnownFileType = sourcecode.swift; path = TemplatePickerView.swift; sourceTree = "<group>"; };
		60A704D12E0254360078652F /* Assets.xcassets */ = {isa = PBXFileReference; lastKnownFileType = folder.assetcatalog; path = Assets.xcassets; sourceTree = "<group>"; };
		60A704D22E0254360078652F /* Voice_Note_v2App.swift */ = {isa = PBXFileReference; lastKnownFileType = sourcecode.swift; path = Voice_Note_v2App.swift; sourceTree = "<group>"; };
		60A705022E026C4E0078652F /* CompactAudioPlayer.swift */ = {isa = PBXFileReference; lastKnownFileType = sourcecode.swift; path = CompactAudioPlayer.swift; sourceTree = "<group>"; };
		60A705042E026C4E0078652F /* NoteCardView.swift */ = {isa = PBXFileReference; lastKnownFileType = sourcecode.swift; path = NoteCardView.swift; sourceTree = "<group>"; };
		7DBCB765DA149B9F13C129AE /* ToolsView.swift */ = {isa = PBXFileReference; lastKnownFileType = sourcecode.swift; path = ToolsView.swift; sourceTree = "<group>"; };
		8AB28060469DC97743AEFABE /* DesignTokens.swift */ = {isa = PBXFileReference; lastKnownFileType = sourcecode.swift; path = DesignTokens.swift; sourceTree = "<group>"; };
		A1B2C3D4E5F6071829304B5C /* InlineExpandedContentView.swift */ = {isa = PBXFileReference; lastKnownFileType = sourcecode.swift; path = InlineExpandedContentView.swift; sourceTree = "<group>"; };
		AFC01234B17D479EC16CF64A /* AudioFormatConverter.swift */ = {isa = PBXFileReference; includeInIndex = 1; lastKnownFileType = sourcecode.swift; name = AudioFormatConverter.swift; path = ../Services/AudioFormatConverter.swift; sourceTree = "<group>"; };
		B02C3892651A6C57E4D359B1 /* RecordingView.swift */ = {isa = PBXFileReference; lastKnownFileType = sourcecode.swift; path = RecordingView.swift; sourceTree = "<group>"; };
		BE902CF99F13180690FEDC0D /* LiveAudioService.swift */ = {isa = PBXFileReference; includeInIndex = 1; lastKnownFileType = sourcecode.swift; name = LiveAudioService.swift; path = ../Services/LiveAudioService.swift; sourceTree = "<group>"; };
		CB8AAF16FCD56DEB540FC22A /* LiveTranscriptView.swift */ = {isa = PBXFileReference; includeInIndex = 1; lastKnownFileType = sourcecode.swift; name = LiveTranscriptView.swift; path = ../Views/Components/LiveTranscriptView.swift; sourceTree = "<group>"; };
		EE552A70512C7521CAEE9E50 /* AppSettings.swift */ = {isa = PBXFileReference; includeInIndex = 1; lastKnownFileType = sourcecode.swift; path = AppSettings.swift; sourceTree = "<group>"; };
		F638F0978415976913F43CAB /* UserDefaults+Keys.swift */ = {isa = PBXFileReference; includeInIndex = 1; lastKnownFileType = sourcecode.swift; path = "UserDefaults+Keys.swift"; sourceTree = "<group>"; };
		MAC001000100010001A001A1 /* AudioSessionProvider.swift */ = {isa = PBXFileReference; lastKnownFileType = sourcecode.swift; path = AudioSessionProvider.swift; sourceTree = "<group>"; };
		MAC002000200020002A002A2 /* iOSAudioSession.swift */ = {isa = PBXFileReference; lastKnownFileType = sourcecode.swift; path = iOSAudioSession.swift; sourceTree = "<group>"; };
		MAC003000300030003A003A3 /* macOSAudioSession.swift */ = {isa = PBXFileReference; lastKnownFileType = sourcecode.swift; path = macOSAudioSession.swift; sourceTree = "<group>"; };
		MAC004000400040004A004A4 /* PlatformFeedback.swift */ = {isa = PBXFileReference; lastKnownFileType = sourcecode.swift; path = PlatformFeedback.swift; sourceTree = "<group>"; };
		MAC005000500050005A005A5 /* PlatformPasteboard.swift */ = {isa = PBXFileReference; lastKnownFileType = sourcecode.swift; path = PlatformPasteboard.swift; sourceTree = "<group>"; };
		MAC006000600060006A006A6 /* RecordingState.swift */ = {isa = PBXFileReference; lastKnownFileType = sourcecode.swift; path = RecordingState.swift; sourceTree = "<group>"; };
		SES0070007000700070007007 /* Session.swift */ = {isa = PBXFileReference; lastKnownFileType = sourcecode.swift; path = Session.swift; sourceTree = "<group>"; };
		TST0020002000200020002002 /* TextNormalizerTests.swift */ = {isa = PBXFileReference; includeInIndex = 1; lastKnownFileType = sourcecode.swift; name = TextNormalizerTests.swift; path = Tests/TextNormalizerTests.swift; sourceTree = "<group>"; };
		TST0040004000400040004004 /* LiveTranscriptionServiceTests.swift */ = {isa = PBXFileReference; includeInIndex = 1; lastKnownFileType = sourcecode.swift; name = LiveTranscriptionServiceTests.swift; path = Tests/LiveTranscriptionServiceTests.swift; sourceTree = "<group>"; };
		TXT0020002000200020002002 /* TextNormalizer.swift */ = {isa = PBXFileReference; includeInIndex = 1; lastKnownFileType = sourcecode.swift; path = TextNormalizer.swift; sourceTree = "<group>"; };
/* End PBXFileReference section */

/* Begin PBXFileSystemSynchronizedRootGroup section */
		604B3F7B2F20208100610B2C /* Voice Note */ = {
			isa = PBXFileSystemSynchronizedRootGroup;
			path = "Voice Note";
			sourceTree = "<group>";
		};
		604B3F892F20208200610B2C /* Voice NoteTests */ = {
			isa = PBXFileSystemSynchronizedRootGroup;
			path = "Voice NoteTests";
			sourceTree = "<group>";
		};
		604B3F932F20208200610B2C /* Voice NoteUITests */ = {
			isa = PBXFileSystemSynchronizedRootGroup;
			path = "Voice NoteUITests";
			sourceTree = "<group>";
		};
		60A704722E0250F00078652F /* Voice Note v2 */ = {
			isa = PBXFileSystemSynchronizedRootGroup;
			path = "Voice Note v2";
			sourceTree = "<group>";
		};
/* End PBXFileSystemSynchronizedRootGroup section */

/* Begin PBXFrameworksBuildPhase section */
		604B3F772F20208100610B2C /* Frameworks */ = {
			isa = PBXFrameworksBuildPhase;
			buildActionMask = 2147483647;
			files = (
			);
			runOnlyForDeploymentPostprocessing = 0;
		};
		604B3F832F20208200610B2C /* Frameworks */ = {
			isa = PBXFrameworksBuildPhase;
			buildActionMask = 2147483647;
			files = (
			);
			runOnlyForDeploymentPostprocessing = 0;
		};
		604B3F8D2F20208200610B2C /* Frameworks */ = {
			isa = PBXFrameworksBuildPhase;
			buildActionMask = 2147483647;
			files = (
			);
			runOnlyForDeploymentPostprocessing = 0;
		};
		60A7046D2E0250F00078652F /* Frameworks */ = {
			isa = PBXFrameworksBuildPhase;
			buildActionMask = 2147483647;
			files = (
			);
			runOnlyForDeploymentPostprocessing = 0;
		};
		60A7047A2E0250F20078652F /* Frameworks */ = {
			isa = PBXFrameworksBuildPhase;
			buildActionMask = 2147483647;
			files = (
			);
			runOnlyForDeploymentPostprocessing = 0;
		};
		60A704842E0250F20078652F /* Frameworks */ = {
			isa = PBXFrameworksBuildPhase;
			buildActionMask = 2147483647;
			files = (
			);
			runOnlyForDeploymentPostprocessing = 0;
		};
/* End PBXFrameworksBuildPhase section */

/* Begin PBXGroup section */
		18432C98DF7A67358EBF695C /* Views */ = {
			isa = PBXGroup;
			children = (
				79B9C0448E8631FCC16A64FD /* Components */,
			);
			name = Views;
			sourceTree = "<group>";
		};
		32754B80D0A7AFBFD15AE6AD /* Voice Note v2Tests */ = {
			isa = PBXGroup;
			children = (
				321A91BD742ABFB91D345D63 /* AudioFormatConverterTests.swift */,
				TST0040004000400040004004 /* LiveTranscriptionServiceTests.swift */,
				TST0020002000200020002002 /* TextNormalizerTests.swift */,
			);
			name = "Voice Note v2Tests";
			sourceTree = "<group>";
		};
		60A704672E0250F00078652F = {
			isa = PBXGroup;
			children = (
				60A704A42E0254360078652F /* Config.plist */,
				60A704A52E0254360078652F /* Config.swift */,
				60A704A62E0254360078652F /* ContentView.swift */,
				8AB28060469DC97743AEFABE /* DesignTokens.swift */,
				60A704AB2E0254360078652F /* Data */,
				60A704B12E0254360078652F /* Domain */,
				60A704B42E0254360078652F /* Models */,
				60A704C32E0254360078652F /* Services */,
				60A704C62E0254360078652F /* Utilities */,
				60A704C72E0254360078652F /* ViewModels */,
				60A704D02E0254360078652F /* Views */,
				60A704D32E0254360078652F /* Voice Note v2 */,
				60A704722E0250F00078652F /* Voice Note v2 */,
				604B3F7B2F20208100610B2C /* Voice Note */,
				604B3F892F20208200610B2C /* Voice NoteTests */,
				604B3F932F20208200610B2C /* Voice NoteUITests */,
				60A704712E0250F00078652F /* Products */,
				32754B80D0A7AFBFD15AE6AD /* Voice Note v2Tests */,
				89C3CDC63FBE68CFB0977E63 /* Voice Note v2UITests */,
			);
			sourceTree = "<group>";
		};
		60A704712E0250F00078652F /* Products */ = {
			isa = PBXGroup;
			children = (
				60A704702E0250F00078652F /* Voice Note v2.app */,
				60A7047D2E0250F20078652F /* Voice Note v2Tests.xctest */,
				60A704872E0250F20078652F /* Voice Note v2UITests.xctest */,
				604B3F7A2F20208100610B2C /* Voice Note.app */,
				604B3F862F20208200610B2C /* Voice NoteTests.xctest */,
				604B3F902F20208200610B2C /* Voice NoteUITests.xctest */,
			);
			name = Products;
			sourceTree = "<group>";
		};
		60A704A72E0254360078652F /* Cache */ = {
			isa = PBXGroup;
			children = (
			);
			path = Cache;
			sourceTree = "<group>";
		};
		60A704A92E0254360078652F /* Persistence */ = {
			isa = PBXGroup;
			children = (
			);
			path = Persistence;
			sourceTree = "<group>";
		};
		60A704AA2E0254360078652F /* Repositories */ = {
			isa = PBXGroup;
			children = (
			);
			path = Repositories;
			sourceTree = "<group>";
		};
		60A704AB2E0254360078652F /* Data */ = {
			isa = PBXGroup;
			children = (
				60A704A72E0254360078652F /* Cache */,
				60A704A92E0254360078652F /* Persistence */,
				60A704AA2E0254360078652F /* Repositories */,
			);
			path = Data;
			sourceTree = "<group>";
		};
		60A704AF2E0254360078652F /* Repositories */ = {
			isa = PBXGroup;
			children = (
			);
			path = Repositories;
			sourceTree = "<group>";
		};
		60A704B02E0254360078652F /* UseCases */ = {
			isa = PBXGroup;
			children = (
			);
			path = UseCases;
			sourceTree = "<group>";
		};
		60A704B12E0254360078652F /* Domain */ = {
			isa = PBXGroup;
			children = (
				60A704AF2E0254360078652F /* Repositories */,
				60A704B02E0254360078652F /* UseCases */,
			);
			path = Domain;
			sourceTree = "<group>";
		};
		60A704B42E0254360078652F /* Models */ = {
			isa = PBXGroup;
			children = (
				4611D93D29EC4A5BA50A4656 /* GenerableTemplates.swift */,
				60A704B22E0254360078652F /* Recording.swift */,
				MAC006000600060006A006A6 /* RecordingState.swift */,
				SES0070007000700070007007 /* Session.swift */,
				60A704B32E0254360078652F /* Template.swift */,
			);
			path = Models;
			sourceTree = "<group>";
		};
		60A704C32E0254360078652F /* Services */ = {
			isa = PBXGroup;
			children = (
				60A704B72E0254360078652F /* AIService.swift */,
				60A704B82E0254360078652F /* AIServiceFactory.swift */,
				60A704B92E0254360078652F /* AudioPlaybackManager.swift */,
				60A704BA2E0254360078652F /* AudioRecordingService.swift */,
				MAC001000100010001A001A1 /* AudioSessionProvider.swift */,
				MAC002000200020002A002A2 /* iOSAudioSession.swift */,
				MAC003000300030003A003A3 /* macOSAudioSession.swift */,
				60A704BD2E0254360078652F /* MockAIService.swift */,
				60A704BB2E0254360078652F /* OnDeviceAIService.swift */,
				60A704C02E0254360078652F /* RecordingManager.swift */,
				60A704C12E0254360078652F /* TemplateManager.swift */,
				60A704C22E0254360078652F /* TranscriptionService.swift */,
			);
			path = Services;
			sourceTree = "<group>";
		};
		60A704C62E0254360078652F /* Utilities */ = {
			isa = PBXGroup;
			children = (
				60A704C42E0254360078652F /* AppCoordinator.swift */,
				EE552A70512C7521CAEE9E50 /* AppSettings.swift */,
				47448B8E29E423AA7F80367B /* AudioConstants.swift */,
				MAC004000400040004A004A4 /* PlatformFeedback.swift */,
				MAC005000500050005A005A5 /* PlatformPasteboard.swift */,
				60A704C62E0254370078652F /* ShareableAudioFile.swift */,
				60A704C52E0254360078652F /* ShareSheet.swift */,
				TXT0020002000200020002002 /* TextNormalizer.swift */,
				F638F0978415976913F43CAB /* UserDefaults+Keys.swift */,
			);
			path = Utilities;
			sourceTree = "<group>";
		};
		60A704C72E0254360078652F /* ViewModels */ = {
			isa = PBXGroup;
			children = (
			);
			path = ViewModels;
			sourceTree = "<group>";
		};
		60A704D02E0254360078652F /* Views */ = {
			isa = PBXGroup;
			children = (
				60A705052E026C4E0078652F /* Components */,
				60A704C82E0254360078652F /* AudioLevelVisualizer.swift */,
				60A704C92E0254360078652F /* LibraryView.swift */,
				60A704CA2E0254360078652F /* RecentRecordingCard.swift */,
				60A704CB2E0254360078652F /* RecordButton.swift */,
				60A704CC2E0254360078652F /* RecordingDetailView.swift */,
				60A704CD2E0254360078652F /* RecordingTimer.swift */,
				60A704CE2E0254360078652F /* SettingsView.swift */,
				60A704CF2E0254360078652F /* TemplatePickerView.swift */,
				0D5974090B42C757B8FF1A82 /* MainTabView.swift */,
				B02C3892651A6C57E4D359B1 /* RecordingView.swift */,
				7DBCB765DA149B9F13C129AE /* ToolsView.swift */,
			);
			path = Views;
			sourceTree = "<group>";
		};
		60A704D32E0254360078652F /* Voice Note v2 */ = {
			isa = PBXGroup;
			children = (
				604B3F742F201DF300610B2C /* Voice Note v2.entitlements */,
				60A704D12E0254360078652F /* Assets.xcassets */,
				60A704D22E0254360078652F /* Voice_Note_v2App.swift */,
				E548429333CF7D30B09068B7 /* Services */,
				18432C98DF7A67358EBF695C /* Views */,
				CF99AAA3B56884A05FDFCAC2 /* Tests */,
			);
			path = "Voice Note v2";
			sourceTree = "<group>";
		};
		60A705052E026C4E0078652F /* Components */ = {
			isa = PBXGroup;
			children = (
				60A705022E026C4E0078652F /* CompactAudioPlayer.swift */,
				A1B2C3D4E5F6071829304B5C /* InlineExpandedContentView.swift */,
				60A705042E026C4E0078652F /* NoteCardView.swift */,
			);
			path = Components;
			sourceTree = "<group>";
		};
		79B9C0448E8631FCC16A64FD /* Components */ = {
			isa = PBXGroup;
			children = (
				CB8AAF16FCD56DEB540FC22A /* LiveTranscriptView.swift */,
			);
			name = Components;
			sourceTree = "<group>";
		};
		89C3CDC63FBE68CFB0977E63 /* Voice Note v2UITests */ = {
			isa = PBXGroup;
			children = (
			);
			name = "Voice Note v2UITests";
			sourceTree = "<group>";
		};
		CF99AAA3B56884A05FDFCAC2 /* Tests */ = {
			isa = PBXGroup;
			children = (
			);
			name = Tests;
			sourceTree = "<group>";
		};
		E548429333CF7D30B09068B7 /* Services */ = {
			isa = PBXGroup;
			children = (
				5091639BEA332E5C55D5D485 /* LiveTranscriptionService.swift */,
				BE902CF99F13180690FEDC0D /* LiveAudioService.swift */,
				AFC01234B17D479EC16CF64A /* AudioFormatConverter.swift */,
			);
			name = Services;
			sourceTree = "<group>";
		};
/* End PBXGroup section */

/* Begin PBXNativeTarget section */
		604B3F792F20208100610B2C /* Voice Note */ = {
			isa = PBXNativeTarget;
			buildConfigurationList = 604B3F982F20208200610B2C /* Build configuration list for PBXNativeTarget "Voice Note" */;
			buildPhases = (
				604B3F762F20208100610B2C /* Sources */,
				604B3F772F20208100610B2C /* Frameworks */,
				604B3F782F20208100610B2C /* Resources */,
			);
			buildRules = (
			);
			dependencies = (
			);
			fileSystemSynchronizedGroups = (
				604B3F7B2F20208100610B2C /* Voice Note */,
			);
			name = "Voice Note";
			packageProductDependencies = (
			);
			productName = "Voice Note";
			productReference = 604B3F7A2F20208100610B2C /* Voice Note.app */;
			productType = "com.apple.product-type.application";
		};
		604B3F852F20208200610B2C /* Voice NoteTests */ = {
			isa = PBXNativeTarget;
			buildConfigurationList = 604B3F9B2F20208200610B2C /* Build configuration list for PBXNativeTarget "Voice NoteTests" */;
			buildPhases = (
				604B3F822F20208200610B2C /* Sources */,
				604B3F832F20208200610B2C /* Frameworks */,
				604B3F842F20208200610B2C /* Resources */,
			);
			buildRules = (
			);
			dependencies = (
				604B3F882F20208200610B2C /* PBXTargetDependency */,
			);
			fileSystemSynchronizedGroups = (
				604B3F892F20208200610B2C /* Voice NoteTests */,
			);
			name = "Voice NoteTests";
			packageProductDependencies = (
			);
			productName = "Voice NoteTests";
			productReference = 604B3F862F20208200610B2C /* Voice NoteTests.xctest */;
			productType = "com.apple.product-type.bundle.unit-test";
		};
		604B3F8F2F20208200610B2C /* Voice NoteUITests */ = {
			isa = PBXNativeTarget;
			buildConfigurationList = 604B3F9E2F20208200610B2C /* Build configuration list for PBXNativeTarget "Voice NoteUITests" */;
			buildPhases = (
				604B3F8C2F20208200610B2C /* Sources */,
				604B3F8D2F20208200610B2C /* Frameworks */,
				604B3F8E2F20208200610B2C /* Resources */,
			);
			buildRules = (
			);
			dependencies = (
				604B3F922F20208200610B2C /* PBXTargetDependency */,
			);
			fileSystemSynchronizedGroups = (
				604B3F932F20208200610B2C /* Voice NoteUITests */,
			);
			name = "Voice NoteUITests";
			packageProductDependencies = (
			);
			productName = "Voice NoteUITests";
			productReference = 604B3F902F20208200610B2C /* Voice NoteUITests.xctest */;
			productType = "com.apple.product-type.bundle.ui-testing";
		};
		60A7046F2E0250F00078652F /* Voice Note v2 */ = {
			isa = PBXNativeTarget;
			buildConfigurationList = 60A704912E0250F20078652F /* Build configuration list for PBXNativeTarget "Voice Note v2" */;
			buildPhases = (
				60A7046C2E0250F00078652F /* Sources */,
				60A7046D2E0250F00078652F /* Frameworks */,
				60A7046E2E0250F00078652F /* Resources */,
			);
			buildRules = (
			);
			dependencies = (
			);
			fileSystemSynchronizedGroups = (
				60A704722E0250F00078652F /* Voice Note v2 */,
			);
			name = "Voice Note v2";
			productName = "Voice Note v2";
			productReference = 60A704702E0250F00078652F /* Voice Note v2.app */;
			productType = "com.apple.product-type.application";
		};
		60A7047C2E0250F20078652F /* Voice Note v2Tests */ = {
			isa = PBXNativeTarget;
			buildConfigurationList = 60A704942E0250F20078652F /* Build configuration list for PBXNativeTarget "Voice Note v2Tests" */;
			buildPhases = (
				60A704792E0250F20078652F /* Sources */,
				60A7047A2E0250F20078652F /* Frameworks */,
				60A7047B2E0250F20078652F /* Resources */,
			);
			buildRules = (
			);
			dependencies = (
				60A7047F2E0250F20078652F /* PBXTargetDependency */,
			);
			name = "Voice Note v2Tests";
			productName = "Voice Note v2Tests";
			productReference = 60A7047D2E0250F20078652F /* Voice Note v2Tests.xctest */;
			productType = "com.apple.product-type.bundle.unit-test";
		};
		60A704862E0250F20078652F /* Voice Note v2UITests */ = {
			isa = PBXNativeTarget;
			buildConfigurationList = 60A704972E0250F20078652F /* Build configuration list for PBXNativeTarget "Voice Note v2UITests" */;
			buildPhases = (
				60A704832E0250F20078652F /* Sources */,
				60A704842E0250F20078652F /* Frameworks */,
				60A704852E0250F20078652F /* Resources */,
			);
			buildRules = (
			);
			dependencies = (
				60A704892E0250F20078652F /* PBXTargetDependency */,
			);
			name = "Voice Note v2UITests";
			productName = "Voice Note v2UITests";
			productReference = 60A704872E0250F20078652F /* Voice Note v2UITests.xctest */;
			productType = "com.apple.product-type.bundle.ui-testing";
		};
/* End PBXNativeTarget section */

/* Begin PBXProject section */
		60A704682E0250F00078652F /* Project object */ = {
			isa = PBXProject;
			attributes = {
				BuildIndependentTargetsInParallel = 1;
				LastSwiftUpdateCheck = 2620;
				LastUpgradeCheck = 2620;
				TargetAttributes = {
					604B3F792F20208100610B2C = {
						CreatedOnToolsVersion = 26.2;
					};
					604B3F852F20208200610B2C = {
						CreatedOnToolsVersion = 26.2;
						TestTargetID = 604B3F792F20208100610B2C;
					};
					604B3F8F2F20208200610B2C = {
						CreatedOnToolsVersion = 26.2;
						TestTargetID = 604B3F792F20208100610B2C;
					};
					60A7046F2E0250F00078652F = {
						CreatedOnToolsVersion = 16.4;
					};
					60A7047C2E0250F20078652F = {
						CreatedOnToolsVersion = 16.4;
						TestTargetID = 60A7046F2E0250F00078652F;
					};
					60A704862E0250F20078652F = {
						CreatedOnToolsVersion = 16.4;
						TestTargetID = 60A7046F2E0250F00078652F;
					};
				};
			};
			buildConfigurationList = 60A7046B2E0250F00078652F /* Build configuration list for PBXProject "Voice Note v2" */;
			developmentRegion = en;
			hasScannedForEncodings = 0;
			knownRegions = (
				en,
				Base,
			);
			mainGroup = 60A704672E0250F00078652F;
			minimizedProjectReferenceProxies = 1;
			packageReferences = (
			);
			preferredProjectObjectVersion = 77;
			productRefGroup = 60A704712E0250F00078652F /* Products */;
			projectDirPath = "";
			projectRoot = "";
			targets = (
				60A7046F2E0250F00078652F /* Voice Note v2 */,
				60A7047C2E0250F20078652F /* Voice Note v2Tests */,
				60A704862E0250F20078652F /* Voice Note v2UITests */,
				604B3F792F20208100610B2C /* Voice Note */,
				604B3F852F20208200610B2C /* Voice NoteTests */,
				604B3F8F2F20208200610B2C /* Voice NoteUITests */,
			);
		};
/* End PBXProject section */

/* Begin PBXResourcesBuildPhase section */
		604B3F782F20208100610B2C /* Resources */ = {
			isa = PBXResourcesBuildPhase;
			buildActionMask = 2147483647;
			files = (
				MAC0550055005500550055001 /* Config.plist in Resources */,
			);
			runOnlyForDeploymentPostprocessing = 0;
		};
		604B3F842F20208200610B2C /* Resources */ = {
			isa = PBXResourcesBuildPhase;
			buildActionMask = 2147483647;
			files = (
			);
			runOnlyForDeploymentPostprocessing = 0;
		};
		604B3F8E2F20208200610B2C /* Resources */ = {
			isa = PBXResourcesBuildPhase;
			buildActionMask = 2147483647;
			files = (
			);
			runOnlyForDeploymentPostprocessing = 0;
		};
		60A7046E2E0250F00078652F /* Resources */ = {
			isa = PBXResourcesBuildPhase;
			buildActionMask = 2147483647;
			files = (
				60A704FF2E0254360078652F /* Config.plist in Resources */,
			);
			runOnlyForDeploymentPostprocessing = 0;
		};
		60A7047B2E0250F20078652F /* Resources */ = {
			isa = PBXResourcesBuildPhase;
			buildActionMask = 2147483647;
			files = (
			);
			runOnlyForDeploymentPostprocessing = 0;
		};
		60A704852E0250F20078652F /* Resources */ = {
			isa = PBXResourcesBuildPhase;
			buildActionMask = 2147483647;
			files = (
			);
			runOnlyForDeploymentPostprocessing = 0;
		};
/* End PBXResourcesBuildPhase section */

/* Begin PBXSourcesBuildPhase section */
		604B3F762F20208100610B2C /* Sources */ = {
			isa = PBXSourcesBuildPhase;
			buildActionMask = 2147483647;
			files = (
				MAC0110011001100110011001 /* GenerableTemplates.swift in Sources */,
				MAC0120012001200120012001 /* AudioConstants.swift in Sources */,
				MAC0130013001300130013001 /* LiveTranscriptionService.swift in Sources */,
				MAC0140014001400140014001 /* Config.swift in Sources */,
				MAC0160016001600160016001 /* Recording.swift in Sources */,
				MAC0170017001700170017001 /* Template.swift in Sources */,
				MAC0180018001800180018001 /* AIService.swift in Sources */,
				MAC0190019001900190019001 /* AIServiceFactory.swift in Sources */,
				MAC0200020002000200020001 /* AudioPlaybackManager.swift in Sources */,
				MAC0220022002200220022001 /* OnDeviceAIService.swift in Sources */,
				MAC0230023002300230023001 /* MockAIService.swift in Sources */,
				MAC0240024002400240024001 /* RecordingManager.swift in Sources */,
				MAC0250025002500250025001 /* TemplateManager.swift in Sources */,
				MAC0260026002600260026001 /* TranscriptionService.swift in Sources */,
				MAC0270027002700270027001 /* AppCoordinator.swift in Sources */,
				MAC0290029002900290029001 /* ShareableAudioFile.swift in Sources */,
				MAC0430043004300430043001 /* AudioFormatConverter.swift in Sources */,
				MAC0460046004600460046001 /* LiveAudioService.swift in Sources */,
				MAC0480048004800480048001 /* AppSettings.swift in Sources */,
				MAC0490049004900490049001 /* UserDefaults+Keys.swift in Sources */,
				TXT0030003000300030003003 /* TextNormalizer.swift in Sources */,
				MAC0500050005000500050001 /* AudioSessionProvider.swift in Sources */,
				MAC0510051005100510051001 /* iOSAudioSession.swift in Sources */,
				MAC0520052005200520052001 /* macOSAudioSession.swift in Sources */,
				MAC0530053005300530053001 /* PlatformFeedback.swift in Sources */,
				MAC0540054005400540054001 /* PlatformPasteboard.swift in Sources */,
				MAC0560056005600560056001 /* RecordingState.swift in Sources */,
				MAC0570057005700570057001 /* Session.swift in Sources */,
			);
			runOnlyForDeploymentPostprocessing = 0;
		};
		604B3F822F20208200610B2C /* Sources */ = {
			isa = PBXSourcesBuildPhase;
			buildActionMask = 2147483647;
			files = (
			);
			runOnlyForDeploymentPostprocessing = 0;
		};
		604B3F8C2F20208200610B2C /* Sources */ = {
			isa = PBXSourcesBuildPhase;
			buildActionMask = 2147483647;
			files = (
			);
			runOnlyForDeploymentPostprocessing = 0;
		};
		60A7046C2E0250F00078652F /* Sources */ = {
			isa = PBXSourcesBuildPhase;
			buildActionMask = 2147483647;
			files = (
				60A704DC2E0254360078652F /* RecordingDetailView.swift in Sources */,
				60A704DD2E0254360078652F /* AudioLevelVisualizer.swift in Sources */,
				60A704DE2E0254360078652F /* SettingsView.swift in Sources */,
				60A704DF2E0254360078652F /* RecordingTimer.swift in Sources */,
				60A704E02E0254360078652F /* TranscriptionService.swift in Sources */,
				60A704E12E0254360078652F /* OnDeviceAIService.swift in Sources */,
				60A704E32E0254360078652F /* Config.swift in Sources */,
				60A704E42E0254360078652F /* Template.swift in Sources */,
				4DA76A8D01AA4295AC5F7FBB /* GenerableTemplates.swift in Sources */,
				60A704E52E0254360078652F /* ContentView.swift in Sources */,
				60A704E72E0254360078652F /* TemplatePickerView.swift in Sources */,
				60A705072E026C4E0078652F /* CompactAudioPlayer.swift in Sources */,
				60A705082E026C4E0078652F /* NoteCardView.swift in Sources */,
				D5E6F7081920A3B4C5D6E7F8 /* InlineExpandedContentView.swift in Sources */,
				60A704E82E0254360078652F /* AudioPlaybackManager.swift in Sources */,
				60A704E92E0254360078652F /* TemplateManager.swift in Sources */,
				60A704EA2E0254360078652F /* LibraryView.swift in Sources */,
				60A704ED2E0254360078652F /* RecordButton.swift in Sources */,
				60A704EF2E0254360078652F /* RecentRecordingCard.swift in Sources */,
				60A704F12E0254360078652F /* AppCoordinator.swift in Sources */,
				60A704F22E0254360078652F /* MockAIService.swift in Sources */,
				60A704F32E0254360078652F /* AIServiceFactory.swift in Sources */,
				60A704F42E0254360078652F /* RecordingManager.swift in Sources */,
				60A704F52E0254360078652F /* ShareSheet.swift in Sources */,
				60A704F62E0254360078652F /* ShareableAudioFile.swift in Sources */,
				60A704F82E0254360078652F /* AIService.swift in Sources */,
				60A704FB2E0254360078652F /* Recording.swift in Sources */,
				60A704FD2E0254360078652F /* AudioRecordingService.swift in Sources */,
				E6B9E974547DC31A2896AD17 /* LiveTranscriptionService.swift in Sources */,
				3231DBF6B17D479EC16CF64A /* LiveAudioService.swift in Sources */,
				765C6AE04C3A293CCE29EE0F /* LiveTranscriptView.swift in Sources */,
				AFC05678B17D479EC16CF64A /* AudioFormatConverter.swift in Sources */,
				0233F48D0EE3C27B7E108F09 /* MainTabView.swift in Sources */,
				B4172504A71A17D3C7D3B688 /* RecordingView.swift in Sources */,
				4B28842B1B1CD8C690F2F15C /* ToolsView.swift in Sources */,
				503C7E98E254DB5BAB28312A /* DesignTokens.swift in Sources */,
				A16FB0BA47B55B9D88C3DAC9 /* AppSettings.swift in Sources */,
				97D90A74513BE123A29EB843 /* AudioConstants.swift in Sources */,
				F57DA95FEEB06D9B284AA23D /* UserDefaults+Keys.swift in Sources */,
				TXT0010001000100010001001 /* TextNormalizer.swift in Sources */,
				IOS0010001000100010001001 /* AudioSessionProvider.swift in Sources */,
				IOS0020002000200020002002 /* iOSAudioSession.swift in Sources */,
				IOS0030003000300030003003 /* macOSAudioSession.swift in Sources */,
				IOS0040004000400040004004 /* PlatformFeedback.swift in Sources */,
				IOS0050005000500050005005 /* PlatformPasteboard.swift in Sources */,
				IOS0060006000600060006006 /* RecordingState.swift in Sources */,
				IOS0070007000700070007007 /* Session.swift in Sources */,
			);
			runOnlyForDeploymentPostprocessing = 0;
		};
		60A704792E0250F20078652F /* Sources */ = {
			isa = PBXSourcesBuildPhase;
			buildActionMask = 2147483647;
			files = (
				D24C31E4A9E2DE1F7EC8CF3F /* AudioFormatConverterTests.swift in Sources */,
				TST0030003000300030003003 /* LiveTranscriptionServiceTests.swift in Sources */,
				TST0010001000100010001001 /* TextNormalizerTests.swift in Sources */,
			);
			runOnlyForDeploymentPostprocessing = 0;
		};
		60A704832E0250F20078652F /* Sources */ = {
			isa = PBXSourcesBuildPhase;
			buildActionMask = 2147483647;
			files = (
			);
			runOnlyForDeploymentPostprocessing = 0;
		};
/* End PBXSourcesBuildPhase section */

/* Begin PBXTargetDependency section */
		604B3F882F20208200610B2C /* PBXTargetDependency */ = {
			isa = PBXTargetDependency;
			target = 604B3F792F20208100610B2C /* Voice Note */;
			targetProxy = 604B3F872F20208200610B2C /* PBXContainerItemProxy */;
		};
		604B3F922F20208200610B2C /* PBXTargetDependency */ = {
			isa = PBXTargetDependency;
			target = 604B3F792F20208100610B2C /* Voice Note */;
			targetProxy = 604B3F912F20208200610B2C /* PBXContainerItemProxy */;
		};
		60A7047F2E0250F20078652F /* PBXTargetDependency */ = {
			isa = PBXTargetDependency;
			target = 60A7046F2E0250F00078652F /* Voice Note v2 */;
			targetProxy = 60A7047E2E0250F20078652F /* PBXContainerItemProxy */;
		};
		60A704892E0250F20078652F /* PBXTargetDependency */ = {
			isa = PBXTargetDependency;
			target = 60A7046F2E0250F00078652F /* Voice Note v2 */;
			targetProxy = 60A704882E0250F20078652F /* PBXContainerItemProxy */;
		};
/* End PBXTargetDependency section */

/* Begin XCBuildConfiguration section */
		604B3F992F20208200610B2C /* Debug */ = {
			isa = XCBuildConfiguration;
			buildSettings = {
				ASSETCATALOG_COMPILER_APPICON_NAME = AppIcon;
				ASSETCATALOG_COMPILER_GLOBAL_ACCENT_COLOR_NAME = AccentColor;
				CODE_SIGN_ENTITLEMENTS = "Voice Note/Voice Note.entitlements";
				CODE_SIGN_STYLE = Automatic;
				COMBINE_HIDPI_IMAGES = YES;
				CURRENT_PROJECT_VERSION = 1;
				DEVELOPMENT_TEAM = TD5JP98DV6;
				ENABLE_APP_SANDBOX = YES;
				ENABLE_HARDENED_RUNTIME = YES;
				ENABLE_PREVIEWS = YES;
				ENABLE_USER_SELECTED_FILES = readonly;
				GENERATE_INFOPLIST_FILE = YES;
				INFOPLIST_KEY_LSUIElement = YES;
				INFOPLIST_KEY_NSHumanReadableCopyright = "";
				INFOPLIST_KEY_NSMicrophoneUsageDescription = "Voice Note uses speech recognition to convert your voice recordings into text transcripts. All speech processing happens entirely on your device. Your transcribed text may be sent to our AI service for formatting and organization, but your original audio recordings never leave your device.";
				LD_RUNPATH_SEARCH_PATHS = (
					"$(inherited)",
					"@executable_path/../Frameworks",
				);
				MACOSX_DEPLOYMENT_TARGET = 26.0;
				MARKETING_VERSION = 1.0;
				PRODUCT_BUNDLE_IDENTIFIER = "com.pixelhi.Voice-Note";
				PRODUCT_NAME = "$(TARGET_NAME)";
				REGISTER_APP_GROUPS = YES;
				SDKROOT = macosx;
				STRING_CATALOG_GENERATE_SYMBOLS = YES;
				SWIFT_APPROACHABLE_CONCURRENCY = YES;
				SWIFT_DEFAULT_ACTOR_ISOLATION = MainActor;
				SWIFT_EMIT_LOC_STRINGS = YES;
				SWIFT_UPCOMING_FEATURE_MEMBER_IMPORT_VISIBILITY = YES;
				SWIFT_VERSION = 5.0;
			};
			name = Debug;
		};
		604B3F9A2F20208200610B2C /* Release */ = {
			isa = XCBuildConfiguration;
			buildSettings = {
				ASSETCATALOG_COMPILER_APPICON_NAME = AppIcon;
				ASSETCATALOG_COMPILER_GLOBAL_ACCENT_COLOR_NAME = AccentColor;
				CODE_SIGN_ENTITLEMENTS = "Voice Note/Voice Note.entitlements";
				CODE_SIGN_STYLE = Automatic;
				COMBINE_HIDPI_IMAGES = YES;
				CURRENT_PROJECT_VERSION = 1;
				DEVELOPMENT_TEAM = TD5JP98DV6;
				ENABLE_APP_SANDBOX = YES;
				ENABLE_HARDENED_RUNTIME = YES;
				ENABLE_PREVIEWS = YES;
				ENABLE_USER_SELECTED_FILES = readonly;
				GENERATE_INFOPLIST_FILE = YES;
				INFOPLIST_KEY_LSUIElement = YES;
				INFOPLIST_KEY_NSHumanReadableCopyright = "";
				INFOPLIST_KEY_NSMicrophoneUsageDescription = "Voice Note uses speech recognition to convert your voice recordings into text transcripts. All speech processing happens entirely on your device. Your transcribed text may be sent to our AI service for formatting and organization, but your original audio recordings never leave your device.";
				LD_RUNPATH_SEARCH_PATHS = (
					"$(inherited)",
					"@executable_path/../Frameworks",
				);
				MACOSX_DEPLOYMENT_TARGET = 26.0;
				MARKETING_VERSION = 1.0;
				PRODUCT_BUNDLE_IDENTIFIER = "com.pixelhi.Voice-Note";
				PRODUCT_NAME = "$(TARGET_NAME)";
				REGISTER_APP_GROUPS = YES;
				SDKROOT = macosx;
				STRING_CATALOG_GENERATE_SYMBOLS = YES;
				SWIFT_APPROACHABLE_CONCURRENCY = YES;
				SWIFT_DEFAULT_ACTOR_ISOLATION = MainActor;
				SWIFT_EMIT_LOC_STRINGS = YES;
				SWIFT_UPCOMING_FEATURE_MEMBER_IMPORT_VISIBILITY = YES;
				SWIFT_VERSION = 5.0;
			};
			name = Release;
		};
		604B3F9C2F20208200610B2C /* Debug */ = {
			isa = XCBuildConfiguration;
			buildSettings = {
				BUNDLE_LOADER = "$(TEST_HOST)";
				CODE_SIGN_STYLE = Automatic;
				CURRENT_PROJECT_VERSION = 1;
				DEVELOPMENT_TEAM = TD5JP98DV6;
				GENERATE_INFOPLIST_FILE = YES;
				MACOSX_DEPLOYMENT_TARGET = 26.2;
				MARKETING_VERSION = 1.0;
				PRODUCT_BUNDLE_IDENTIFIER = "com.pixelhi.Voice-NoteTests";
				PRODUCT_NAME = "$(TARGET_NAME)";
				SDKROOT = macosx;
				STRING_CATALOG_GENERATE_SYMBOLS = NO;
				SWIFT_APPROACHABLE_CONCURRENCY = YES;
				SWIFT_EMIT_LOC_STRINGS = NO;
				SWIFT_UPCOMING_FEATURE_MEMBER_IMPORT_VISIBILITY = YES;
				SWIFT_VERSION = 5.0;
				TEST_HOST = "$(BUILT_PRODUCTS_DIR)/Voice Note.app/$(BUNDLE_EXECUTABLE_FOLDER_PATH)/Voice Note";
			};
			name = Debug;
		};
		604B3F9D2F20208200610B2C /* Release */ = {
			isa = XCBuildConfiguration;
			buildSettings = {
				BUNDLE_LOADER = "$(TEST_HOST)";
				CODE_SIGN_STYLE = Automatic;
				CURRENT_PROJECT_VERSION = 1;
				DEVELOPMENT_TEAM = TD5JP98DV6;
				GENERATE_INFOPLIST_FILE = YES;
				MACOSX_DEPLOYMENT_TARGET = 26.2;
				MARKETING_VERSION = 1.0;
				PRODUCT_BUNDLE_IDENTIFIER = "com.pixelhi.Voice-NoteTests";
				PRODUCT_NAME = "$(TARGET_NAME)";
				SDKROOT = macosx;
				STRING_CATALOG_GENERATE_SYMBOLS = NO;
				SWIFT_APPROACHABLE_CONCURRENCY = YES;
				SWIFT_EMIT_LOC_STRINGS = NO;
				SWIFT_UPCOMING_FEATURE_MEMBER_IMPORT_VISIBILITY = YES;
				SWIFT_VERSION = 5.0;
				TEST_HOST = "$(BUILT_PRODUCTS_DIR)/Voice Note.app/$(BUNDLE_EXECUTABLE_FOLDER_PATH)/Voice Note";
			};
			name = Release;
		};
		604B3F9F2F20208200610B2C /* Debug */ = {
			isa = XCBuildConfiguration;
			buildSettings = {
				CODE_SIGN_STYLE = Automatic;
				CURRENT_PROJECT_VERSION = 1;
				DEVELOPMENT_TEAM = TD5JP98DV6;
				GENERATE_INFOPLIST_FILE = YES;
				MACOSX_DEPLOYMENT_TARGET = 26.2;
				MARKETING_VERSION = 1.0;
				PRODUCT_BUNDLE_IDENTIFIER = "com.pixelhi.Voice-NoteUITests";
				PRODUCT_NAME = "$(TARGET_NAME)";
				SDKROOT = macosx;
				STRING_CATALOG_GENERATE_SYMBOLS = NO;
				SWIFT_APPROACHABLE_CONCURRENCY = YES;
				SWIFT_EMIT_LOC_STRINGS = NO;
				SWIFT_UPCOMING_FEATURE_MEMBER_IMPORT_VISIBILITY = YES;
				SWIFT_VERSION = 5.0;
				TEST_TARGET_NAME = "Voice Note";
			};
			name = Debug;
		};
		604B3FA02F20208200610B2C /* Release */ = {
			isa = XCBuildConfiguration;
			buildSettings = {
				CODE_SIGN_STYLE = Automatic;
				CURRENT_PROJECT_VERSION = 1;
				DEVELOPMENT_TEAM = TD5JP98DV6;
				GENERATE_INFOPLIST_FILE = YES;
				MACOSX_DEPLOYMENT_TARGET = 26.2;
				MARKETING_VERSION = 1.0;
				PRODUCT_BUNDLE_IDENTIFIER = "com.pixelhi.Voice-NoteUITests";
				PRODUCT_NAME = "$(TARGET_NAME)";
				SDKROOT = macosx;
				STRING_CATALOG_GENERATE_SYMBOLS = NO;
				SWIFT_APPROACHABLE_CONCURRENCY = YES;
				SWIFT_EMIT_LOC_STRINGS = NO;
				SWIFT_UPCOMING_FEATURE_MEMBER_IMPORT_VISIBILITY = YES;
				SWIFT_VERSION = 5.0;
				TEST_TARGET_NAME = "Voice Note";
			};
			name = Release;
		};
		60A7048F2E0250F20078652F /* Debug */ = {
			isa = XCBuildConfiguration;
			buildSettings = {
				ALWAYS_SEARCH_USER_PATHS = NO;
				ASSETCATALOG_COMPILER_GENERATE_SWIFT_ASSET_SYMBOL_EXTENSIONS = YES;
				CLANG_ANALYZER_NONNULL = YES;
				CLANG_ANALYZER_NUMBER_OBJECT_CONVERSION = YES_AGGRESSIVE;
				CLANG_CXX_LANGUAGE_STANDARD = "gnu++20";
				CLANG_ENABLE_MODULES = YES;
				CLANG_ENABLE_OBJC_ARC = YES;
				CLANG_ENABLE_OBJC_WEAK = YES;
				CLANG_WARN_BLOCK_CAPTURE_AUTORELEASING = YES;
				CLANG_WARN_BOOL_CONVERSION = YES;
				CLANG_WARN_COMMA = YES;
				CLANG_WARN_CONSTANT_CONVERSION = YES;
				CLANG_WARN_DEPRECATED_OBJC_IMPLEMENTATIONS = YES;
				CLANG_WARN_DIRECT_OBJC_ISA_USAGE = YES_ERROR;
				CLANG_WARN_DOCUMENTATION_COMMENTS = YES;
				CLANG_WARN_EMPTY_BODY = YES;
				CLANG_WARN_ENUM_CONVERSION = YES;
				CLANG_WARN_INFINITE_RECURSION = YES;
				CLANG_WARN_INT_CONVERSION = YES;
				CLANG_WARN_NON_LITERAL_NULL_CONVERSION = YES;
				CLANG_WARN_OBJC_IMPLICIT_RETAIN_SELF = YES;
				CLANG_WARN_OBJC_LITERAL_CONVERSION = YES;
				CLANG_WARN_OBJC_ROOT_CLASS = YES_ERROR;
				CLANG_WARN_QUOTED_INCLUDE_IN_FRAMEWORK_HEADER = YES;
				CLANG_WARN_RANGE_LOOP_ANALYSIS = YES;
				CLANG_WARN_STRICT_PROTOTYPES = YES;
				CLANG_WARN_SUSPICIOUS_MOVE = YES;
				CLANG_WARN_UNGUARDED_AVAILABILITY = YES_AGGRESSIVE;
				CLANG_WARN_UNREACHABLE_CODE = YES;
				CLANG_WARN__DUPLICATE_METHOD_MATCH = YES;
				COPY_PHASE_STRIP = NO;
				DEBUG_INFORMATION_FORMAT = dwarf;
				DEVELOPMENT_TEAM = TD5JP98DV6;
				ENABLE_STRICT_OBJC_MSGSEND = YES;
				ENABLE_TESTABILITY = YES;
				ENABLE_USER_SCRIPT_SANDBOXING = YES;
				GCC_C_LANGUAGE_STANDARD = gnu17;
				GCC_DYNAMIC_NO_PIC = NO;
				GCC_NO_COMMON_BLOCKS = YES;
				GCC_OPTIMIZATION_LEVEL = 0;
				GCC_PREPROCESSOR_DEFINITIONS = (
					"DEBUG=1",
					"$(inherited)",
				);
				GCC_WARN_64_TO_32_BIT_CONVERSION = YES;
				GCC_WARN_ABOUT_RETURN_TYPE = YES_ERROR;
				GCC_WARN_UNDECLARED_SELECTOR = YES;
				GCC_WARN_UNINITIALIZED_AUTOS = YES_AGGRESSIVE;
				GCC_WARN_UNUSED_FUNCTION = YES;
				GCC_WARN_UNUSED_VARIABLE = YES;
				IPHONEOS_DEPLOYMENT_TARGET = 26.0;
				LOCALIZATION_PREFERS_STRING_CATALOGS = YES;
				MTL_ENABLE_DEBUG_INFO = INCLUDE_SOURCE;
				MTL_FAST_MATH = YES;
				ONLY_ACTIVE_ARCH = YES;
				SDKROOT = iphoneos;
				STRING_CATALOG_GENERATE_SYMBOLS = YES;
				SWIFT_ACTIVE_COMPILATION_CONDITIONS = "DEBUG $(inherited)";
				SWIFT_OPTIMIZATION_LEVEL = "-Onone";
			};
			name = Debug;
		};
		60A704902E0250F20078652F /* Release */ = {
			isa = XCBuildConfiguration;
			buildSettings = {
				ALWAYS_SEARCH_USER_PATHS = NO;
				ASSETCATALOG_COMPILER_GENERATE_SWIFT_ASSET_SYMBOL_EXTENSIONS = YES;
				CLANG_ANALYZER_NONNULL = YES;
				CLANG_ANALYZER_NUMBER_OBJECT_CONVERSION = YES_AGGRESSIVE;
				CLANG_CXX_LANGUAGE_STANDARD = "gnu++20";
				CLANG_ENABLE_MODULES = YES;
				CLANG_ENABLE_OBJC_ARC = YES;
				CLANG_ENABLE_OBJC_WEAK = YES;
				CLANG_WARN_BLOCK_CAPTURE_AUTORELEASING = YES;
				CLANG_WARN_BOOL_CONVERSION = YES;
				CLANG_WARN_COMMA = YES;
				CLANG_WARN_CONSTANT_CONVERSION = YES;
				CLANG_WARN_DEPRECATED_OBJC_IMPLEMENTATIONS = YES;
				CLANG_WARN_DIRECT_OBJC_ISA_USAGE = YES_ERROR;
				CLANG_WARN_DOCUMENTATION_COMMENTS = YES;
				CLANG_WARN_EMPTY_BODY = YES;
				CLANG_WARN_ENUM_CONVERSION = YES;
				CLANG_WARN_INFINITE_RECURSION = YES;
				CLANG_WARN_INT_CONVERSION = YES;
				CLANG_WARN_NON_LITERAL_NULL_CONVERSION = YES;
				CLANG_WARN_OBJC_IMPLICIT_RETAIN_SELF = YES;
				CLANG_WARN_OBJC_LITERAL_CONVERSION = YES;
				CLANG_WARN_OBJC_ROOT_CLASS = YES_ERROR;
				CLANG_WARN_QUOTED_INCLUDE_IN_FRAMEWORK_HEADER = YES;
				CLANG_WARN_RANGE_LOOP_ANALYSIS = YES;
				CLANG_WARN_STRICT_PROTOTYPES = YES;
				CLANG_WARN_SUSPICIOUS_MOVE = YES;
				CLANG_WARN_UNGUARDED_AVAILABILITY = YES_AGGRESSIVE;
				CLANG_WARN_UNREACHABLE_CODE = YES;
				CLANG_WARN__DUPLICATE_METHOD_MATCH = YES;
				COPY_PHASE_STRIP = NO;
				DEBUG_INFORMATION_FORMAT = "dwarf-with-dsym";
				DEVELOPMENT_TEAM = TD5JP98DV6;
				ENABLE_NS_ASSERTIONS = NO;
				ENABLE_STRICT_OBJC_MSGSEND = YES;
				ENABLE_USER_SCRIPT_SANDBOXING = YES;
				GCC_C_LANGUAGE_STANDARD = gnu17;
				GCC_NO_COMMON_BLOCKS = YES;
				GCC_WARN_64_TO_32_BIT_CONVERSION = YES;
				GCC_WARN_ABOUT_RETURN_TYPE = YES_ERROR;
				GCC_WARN_UNDECLARED_SELECTOR = YES;
				GCC_WARN_UNINITIALIZED_AUTOS = YES_AGGRESSIVE;
				GCC_WARN_UNUSED_FUNCTION = YES;
				GCC_WARN_UNUSED_VARIABLE = YES;
				IPHONEOS_DEPLOYMENT_TARGET = 26.0;
				LOCALIZATION_PREFERS_STRING_CATALOGS = YES;
				MTL_ENABLE_DEBUG_INFO = NO;
				MTL_FAST_MATH = YES;
				SDKROOT = iphoneos;
				STRING_CATALOG_GENERATE_SYMBOLS = YES;
				SWIFT_COMPILATION_MODE = wholemodule;
				VALIDATE_PRODUCT = YES;
			};
			name = Release;
		};
		60A704922E0250F20078652F /* Debug */ = {
			isa = XCBuildConfiguration;
			buildSettings = {
				ASSETCATALOG_COMPILER_APPICON_NAME = AppIcon;
				ASSETCATALOG_COMPILER_GLOBAL_ACCENT_COLOR_NAME = AccentColor;
				CODE_SIGN_ENTITLEMENTS = "Voice Note v2/Voice Note v2.entitlements";
				CODE_SIGN_STYLE = Automatic;
				CURRENT_PROJECT_VERSION = 1;
				DEVELOPMENT_TEAM = TD5JP98DV6;
				ENABLE_PREVIEWS = YES;
				GENERATE_INFOPLIST_FILE = YES;
				INFOPLIST_FILE = Info.plist;
				INFOPLIST_KEY_NSMicrophoneUsageDescription = "Voice Note needs microphone access to record your voice notes and memos so you can capture thoughts, ideas, and meeting notes hands-free.";
				INFOPLIST_KEY_NSSpeechRecognitionUsageDescription = "Voice Note uses speech recognition to convert your voice recordings into text transcripts. All speech processing happens entirely on your device. Your transcribed text may be sent to our AI service for formatting and organization, but your original audio recordings never leave your device.";
				INFOPLIST_KEY_UIApplicationSceneManifest_Generation = YES;
				INFOPLIST_KEY_UIApplicationSupportsIndirectInputEvents = YES;
				INFOPLIST_KEY_UILaunchScreen_Generation = YES;
				INFOPLIST_KEY_UISupportedInterfaceOrientations = UIInterfaceOrientationPortrait;
				LD_RUNPATH_SEARCH_PATHS = (
					"$(inherited)",
					"@executable_path/Frameworks",
				);
				MARKETING_VERSION = 1.0;
				PRODUCT_BUNDLE_IDENTIFIER = "com.pixelhi.Voice-Note-v2";
				PRODUCT_NAME = "$(TARGET_NAME)";
				SUPPORTED_PLATFORMS = "iphoneos iphonesimulator";
				SUPPORTS_MACCATALYST = NO;
				SUPPORTS_MAC_DESIGNED_FOR_IPHONE_IPAD = NO;
				SUPPORTS_XR_DESIGNED_FOR_IPHONE_IPAD = NO;
				SWIFT_EMIT_LOC_STRINGS = YES;
				SWIFT_VERSION = 5.0;
				TARGETED_DEVICE_FAMILY = 1;
			};
			name = Debug;
		};
		60A704932E0250F20078652F /* Release */ = {
			isa = XCBuildConfiguration;
			buildSettings = {
				ASSETCATALOG_COMPILER_APPICON_NAME = AppIcon;
				ASSETCATALOG_COMPILER_GLOBAL_ACCENT_COLOR_NAME = AccentColor;
				CODE_SIGN_ENTITLEMENTS = "Voice Note v2/Voice Note v2.entitlements";
				CODE_SIGN_STYLE = Automatic;
				CURRENT_PROJECT_VERSION = 1;
				DEVELOPMENT_TEAM = TD5JP98DV6;
				ENABLE_PREVIEWS = YES;
				GENERATE_INFOPLIST_FILE = YES;
				INFOPLIST_FILE = Info.plist;
				INFOPLIST_KEY_NSMicrophoneUsageDescription = "Voice Note needs microphone access to record your voice notes and memos so you can capture thoughts, ideas, and meeting notes hands-free.";
				INFOPLIST_KEY_NSSpeechRecognitionUsageDescription = "Voice Note uses speech recognition to convert your voice recordings into text transcripts. All speech processing happens entirely on your device. Your transcribed text may be sent to our AI service for formatting and organization, but your original audio recordings never leave your device.";
				INFOPLIST_KEY_UIApplicationSceneManifest_Generation = YES;
				INFOPLIST_KEY_UIApplicationSupportsIndirectInputEvents = YES;
				INFOPLIST_KEY_UILaunchScreen_Generation = YES;
				INFOPLIST_KEY_UISupportedInterfaceOrientations = UIInterfaceOrientationPortrait;
				LD_RUNPATH_SEARCH_PATHS = (
					"$(inherited)",
					"@executable_path/Frameworks",
				);
				MARKETING_VERSION = 1.0;
				PRODUCT_BUNDLE_IDENTIFIER = "com.pixelhi.Voice-Note-v2";
				PRODUCT_NAME = "$(TARGET_NAME)";
				SUPPORTED_PLATFORMS = "iphoneos iphonesimulator";
				SUPPORTS_MACCATALYST = NO;
				SUPPORTS_MAC_DESIGNED_FOR_IPHONE_IPAD = NO;
				SUPPORTS_XR_DESIGNED_FOR_IPHONE_IPAD = NO;
				SWIFT_EMIT_LOC_STRINGS = YES;
				SWIFT_VERSION = 5.0;
				TARGETED_DEVICE_FAMILY = 1;
			};
			name = Release;
		};
		60A704952E0250F20078652F /* Debug */ = {
			isa = XCBuildConfiguration;
			buildSettings = {
				BUNDLE_LOADER = "$(TEST_HOST)";
				CODE_SIGN_STYLE = Automatic;
				CURRENT_PROJECT_VERSION = 1;
				DEVELOPMENT_TEAM = TD5JP98DV6;
				GENERATE_INFOPLIST_FILE = YES;
				IPHONEOS_DEPLOYMENT_TARGET = 26.0;
				MARKETING_VERSION = 1.0;
				PRODUCT_BUNDLE_IDENTIFIER = "com.pixelhi.Voice-Note-v2Tests";
				PRODUCT_NAME = "$(TARGET_NAME)";
				SWIFT_EMIT_LOC_STRINGS = NO;
				SWIFT_VERSION = 5.0;
				TARGETED_DEVICE_FAMILY = 1;
				TEST_HOST = "$(BUILT_PRODUCTS_DIR)/Voice Note v2.app/$(BUNDLE_EXECUTABLE_FOLDER_PATH)/Voice Note v2";
			};
			name = Debug;
		};
		60A704962E0250F20078652F /* Release */ = {
			isa = XCBuildConfiguration;
			buildSettings = {
				BUNDLE_LOADER = "$(TEST_HOST)";
				CODE_SIGN_STYLE = Automatic;
				CURRENT_PROJECT_VERSION = 1;
				DEVELOPMENT_TEAM = TD5JP98DV6;
				GENERATE_INFOPLIST_FILE = YES;
				IPHONEOS_DEPLOYMENT_TARGET = 26.0;
				MARKETING_VERSION = 1.0;
				PRODUCT_BUNDLE_IDENTIFIER = "com.pixelhi.Voice-Note-v2Tests";
				PRODUCT_NAME = "$(TARGET_NAME)";
				SWIFT_EMIT_LOC_STRINGS = NO;
				SWIFT_VERSION = 5.0;
				TARGETED_DEVICE_FAMILY = 1;
				TEST_HOST = "$(BUILT_PRODUCTS_DIR)/Voice Note v2.app/$(BUNDLE_EXECUTABLE_FOLDER_PATH)/Voice Note v2";
			};
			name = Release;
		};
		60A704982E0250F20078652F /* Debug */ = {
			isa = XCBuildConfiguration;
			buildSettings = {
				CODE_SIGN_STYLE = Automatic;
				CURRENT_PROJECT_VERSION = 1;
				DEVELOPMENT_TEAM = TD5JP98DV6;
				GENERATE_INFOPLIST_FILE = YES;
				MARKETING_VERSION = 1.0;
				PRODUCT_BUNDLE_IDENTIFIER = "com.pixelhi.Voice-Note-v2UITests";
				PRODUCT_NAME = "$(TARGET_NAME)";
				SWIFT_EMIT_LOC_STRINGS = NO;
				SWIFT_VERSION = 5.0;
				TARGETED_DEVICE_FAMILY = 1;
				TEST_TARGET_NAME = "Voice Note v2";
			};
			name = Debug;
		};
		60A704992E0250F20078652F /* Release */ = {
			isa = XCBuildConfiguration;
			buildSettings = {
				CODE_SIGN_STYLE = Automatic;
				CURRENT_PROJECT_VERSION = 1;
				DEVELOPMENT_TEAM = TD5JP98DV6;
				GENERATE_INFOPLIST_FILE = YES;
				MARKETING_VERSION = 1.0;
				PRODUCT_BUNDLE_IDENTIFIER = "com.pixelhi.Voice-Note-v2UITests";
				PRODUCT_NAME = "$(TARGET_NAME)";
				SWIFT_EMIT_LOC_STRINGS = NO;
				SWIFT_VERSION = 5.0;
				TARGETED_DEVICE_FAMILY = 1;
				TEST_TARGET_NAME = "Voice Note v2";
			};
			name = Release;
		};
/* End XCBuildConfiguration section */

/* Begin XCConfigurationList section */
		604B3F982F20208200610B2C /* Build configuration list for PBXNativeTarget "Voice Note" */ = {
			isa = XCConfigurationList;
			buildConfigurations = (
				604B3F992F20208200610B2C /* Debug */,
				604B3F9A2F20208200610B2C /* Release */,
			);
			defaultConfigurationIsVisible = 0;
			defaultConfigurationName = Release;
		};
		604B3F9B2F20208200610B2C /* Build configuration list for PBXNativeTarget "Voice NoteTests" */ = {
			isa = XCConfigurationList;
			buildConfigurations = (
				604B3F9C2F20208200610B2C /* Debug */,
				604B3F9D2F20208200610B2C /* Release */,
			);
			defaultConfigurationIsVisible = 0;
			defaultConfigurationName = Release;
		};
		604B3F9E2F20208200610B2C /* Build configuration list for PBXNativeTarget "Voice NoteUITests" */ = {
			isa = XCConfigurationList;
			buildConfigurations = (
				604B3F9F2F20208200610B2C /* Debug */,
				604B3FA02F20208200610B2C /* Release */,
			);
			defaultConfigurationIsVisible = 0;
			defaultConfigurationName = Release;
		};
		60A7046B2E0250F00078652F /* Build configuration list for PBXProject "Voice Note v2" */ = {
			isa = XCConfigurationList;
			buildConfigurations = (
				60A7048F2E0250F20078652F /* Debug */,
				60A704902E0250F20078652F /* Release */,
			);
			defaultConfigurationIsVisible = 0;
			defaultConfigurationName = Release;
		};
		60A704912E0250F20078652F /* Build configuration list for PBXNativeTarget "Voice Note v2" */ = {
			isa = XCConfigurationList;
			buildConfigurations = (
				60A704922E0250F20078652F /* Debug */,
				60A704932E0250F20078652F /* Release */,
			);
			defaultConfigurationIsVisible = 0;
			defaultConfigurationName = Release;
		};
		60A704942E0250F20078652F /* Build configuration list for PBXNativeTarget "Voice Note v2Tests" */ = {
			isa = XCConfigurationList;
			buildConfigurations = (
				60A704952E0250F20078652F /* Debug */,
				60A704962E0250F20078652F /* Release */,
			);
			defaultConfigurationIsVisible = 0;
			defaultConfigurationName = Release;
		};
		60A704972E0250F20078652F /* Build configuration list for PBXNativeTarget "Voice Note v2UITests" */ = {
			isa = XCConfigurationList;
			buildConfigurations = (
				60A704982E0250F20078652F /* Debug */,
				60A704992E0250F20078652F /* Release */,
			);
			defaultConfigurationIsVisible = 0;
			defaultConfigurationName = Release;
		};
/* End XCConfigurationList section */
	};
	rootObject = 60A704682E0250F00078652F /* Project object */;
}
